
Microsoft Visual Studio Solution File, Format Version 12.00
# Visual Studio 14
VisualStudioVersion = 14.0.25420.1
MinimumVisualStudioVersion = 10.0.40219.1
Project("{FAE04EC0-301F-11D3-BF4B-00C04F79EFBC}") = "SLAM.Preview", "SLAM.Preview\SLAM.Preview.csproj", "{38E34523-D1A5-4E89-9FF4-3702AB3714B3}"
EndProject
Project("{FAE04EC0-301F-11D3-BF4B-00C04F79EFBC}") = "SLAM.Preview.CustomControls", "SLAM.Preview.CustomControls\SLAM.Preview.CustomControls.csproj", "{24E80008-38BE-47C9-95ED-4694DDA1AA40}"
EndProject
Project("{FAE04EC0-301F-11D3-BF4B-00C04F79EFBC}") = "SLAM.Preview.ViewModels", "SLAM.Preview.ViewModels\SLAM.Preview.ViewModels.csproj", "{A0AECA64-81A5-4B6E-BD79-7276C8DFAEBC}"
EndProject
Project("{FAE04EC0-301F-11D3-BF4B-00C04F79EFBC}") = "SLAM.Model", "SLAM.Model\SLAM.Model.csproj", "{8D7A031F-83B1-4C05-8A3D-A18C0FE81FD4}"
EndProject
Global
	GlobalSection(SolutionConfigurationPlatforms) = preSolution
		Debug|Any CPU = Debug|Any CPU
		Release|Any CPU = Release|Any CPU
	EndGlobalSection
	GlobalSection(ProjectConfigurationPlatforms) = postSolution
		{38E34523-D1A5-4E89-9FF4-3702AB3714B3}.Debug|Any CPU.ActiveCfg = Debug|Any CPU
		{38E34523-D1A5-4E89-9FF4-3702AB3714B3}.Debug|Any CPU.Build.0 = Debug|Any CPU
		{38E34523-D1A5-4E89-9FF4-3702AB3714B3}.Release|Any CPU.ActiveCfg = Release|Any CPU
		{38E34523-D1A5-4E89-9FF4-3702AB3714B3}.Release|Any CPU.Build.0 = Release|Any CPU
		{24E80008-38BE-47C9-95ED-4694DDA1AA40}.Debug|Any CPU.ActiveCfg = Debug|Any CPU
		{24E80008-38BE-47C9-95ED-4694DDA1AA40}.Debug|Any CPU.Build.0 = Debug|Any CPU
		{24E80008-38BE-47C9-95ED-4694DDA1AA40}.Release|Any CPU.ActiveCfg = Release|Any CPU
		{24E80008-38BE-47C9-95ED-4694DDA1AA40}.Release|Any CPU.Build.0 = Release|Any CPU
		{A0AECA64-81A5-4B6E-BD79-7276C8DFAEBC}.Debug|Any CPU.ActiveCfg = Debug|Any CPU
		{A0AECA64-81A5-4B6E-BD79-7276C8DFAEBC}.Debug|Any CPU.Build.0 = Debug|Any CPU
		{A0AECA64-81A5-4B6E-BD79-7276C8DFAEBC}.Release|Any CPU.ActiveCfg = Release|Any CPU
		{A0AECA64-81A5-4B6E-BD79-7276C8DFAEBC}.Release|Any CPU.Build.0 = Release|Any CPU
		{8D7A031F-83B1-4C05-8A3D-A18C0FE81FD4}.Debug|Any CPU.ActiveCfg = Debug|Any CPU
		{8D7A031F-83B1-4C05-8A3D-A18C0FE81FD4}.Debug|Any CPU.Build.0 = Debug|Any CPU
		{8D7A031F-83B1-4C05-8A3D-A18C0FE81FD4}.Release|Any CPU.ActiveCfg = Release|Any CPU
		{8D7A031F-83B1-4C05-8A3D-A18C0FE81FD4}.Release|Any CPU.Build.0 = Release|Any CPU
	EndGlobalSection
	GlobalSection(SolutionProperties) = preSolution
		HideSolutionNode = FALSE
	EndGlobalSection
EndGlobal
